
Microsoft Visual Studio Solution File, Format Version 12.00
# Visual Studio Version 17
VisualStudioVersion = 17.8.34330.188
MinimumVisualStudioVersion = 10.0.40219.1
Project("{FAE04EC0-301F-11D3-BF4B-00C04F79EFBC}") = "ToTour", "ToTour\ToTour.csproj", "{1DEA6016-C845-4FF2-BC2D-67B8B2E9C314}"
EndProject
Global
	GlobalSection(SolutionConfigurationPlatforms) = preSolution
		Debug|Any CPU = Debug|Any CPU
		Release|Any CPU = Release|Any CPU
	EndGlobalSection
	GlobalSection(ProjectConfigurationPlatforms) = postSolution
		{1DEA6016-C845-4FF2-BC2D-67B8B2E9C314}.Debug|Any CPU.ActiveCfg = Debug|Any CPU
		{1DEA6016-C845-4FF2-BC2D-67B8B2E9C314}.Debug|Any CPU.Build.0 = Debug|Any CPU
		{1DEA6016-C845-4FF2-BC2D-67B8B2E9C314}.Release|Any CPU.ActiveCfg = Release|Any CPU
		{1DEA6016-C845-4FF2-BC2D-67B8B2E9C314}.Release|Any CPU.Build.0 = Release|Any CPU
	EndGlobalSection
	GlobalSection(SolutionProperties) = preSolution
		HideSolutionNode = FALSE
	EndGlobalSection
	GlobalSection(ExtensibilityGlobals) = postSolution
		SolutionGuid = {26EC678D-1425-41B2-AF31-E6F4BA048E94}
	EndGlobalSection
EndGlobal
